
Microsoft Visual Studio Solution File, Format Version 12.00
# Visual Studio Version 17
VisualStudioVersion = 17.1.32228.430
MinimumVisualStudioVersion = 10.0.40219.1
Project("{9A19103F-16F7-4668-BE54-9A1E7A4F7556}") = "DuelSys", "DuelSys\DuelSys.csproj", "{254F4E59-E8FC-4F99-BBD8-8FA06B21B77C}"
EndProject
Project("{9A19103F-16F7-4668-BE54-9A1E7A4F7556}") = "DuelSysWeb", "DuelSysWeb\DuelSysWeb.csproj", "{A0A85B63-3F66-4454-8C23-8E353255AF04}"
EndProject
Project("{9A19103F-16F7-4668-BE54-9A1E7A4F7556}") = "LogicLayer", "LogicLayer\LogicLayer.csproj", "{015EDFF1-183F-425E-B206-BCC435D142FA}"
EndProject
Project("{9A19103F-16F7-4668-BE54-9A1E7A4F7556}") = "DataAccessLayer", "DataAccessLayer\DataAccessLayer.csproj", "{64745E6D-9471-41AD-98B1-DE612B0C6B8A}"
EndProject
Project("{9A19103F-16F7-4668-BE54-9A1E7A4F7556}") = "UnitTest", "UnitTest\UnitTest.csproj", "{E85CD033-1060-4B2D-A310-15CF98644F83}"
EndProject
Global
	GlobalSection(SolutionConfigurationPlatforms) = preSolution
		Debug|Any CPU = Debug|Any CPU
		Release|Any CPU = Release|Any CPU
	EndGlobalSection
	GlobalSection(ProjectConfigurationPlatforms) = postSolution
		{254F4E59-E8FC-4F99-BBD8-8FA06B21B77C}.Debug|Any CPU.ActiveCfg = Debug|Any CPU
		{254F4E59-E8FC-4F99-BBD8-8FA06B21B77C}.Debug|Any CPU.Build.0 = Debug|Any CPU
		{254F4E59-E8FC-4F99-BBD8-8FA06B21B77C}.Release|Any CPU.ActiveCfg = Release|Any CPU
		{254F4E59-E8FC-4F99-BBD8-8FA06B21B77C}.Release|Any CPU.Build.0 = Release|Any CPU
		{A0A85B63-3F66-4454-8C23-8E353255AF04}.Debug|Any CPU.ActiveCfg = Debug|Any CPU
		{A0A85B63-3F66-4454-8C23-8E353255AF04}.Debug|Any CPU.Build.0 = Debug|Any CPU
		{A0A85B63-3F66-4454-8C23-8E353255AF04}.Release|Any CPU.ActiveCfg = Release|Any CPU
		{A0A85B63-3F66-4454-8C23-8E353255AF04}.Release|Any CPU.Build.0 = Release|Any CPU
		{015EDFF1-183F-425E-B206-BCC435D142FA}.Debug|Any CPU.ActiveCfg = Debug|Any CPU
		{015EDFF1-183F-425E-B206-BCC435D142FA}.Debug|Any CPU.Build.0 = Debug|Any CPU
		{015EDFF1-183F-425E-B206-BCC435D142FA}.Release|Any CPU.ActiveCfg = Release|Any CPU
		{015EDFF1-183F-425E-B206-BCC435D142FA}.Release|Any CPU.Build.0 = Release|Any CPU
		{64745E6D-9471-41AD-98B1-DE612B0C6B8A}.Debug|Any CPU.ActiveCfg = Debug|Any CPU
		{64745E6D-9471-41AD-98B1-DE612B0C6B8A}.Debug|Any CPU.Build.0 = Debug|Any CPU
		{64745E6D-9471-41AD-98B1-DE612B0C6B8A}.Release|Any CPU.ActiveCfg = Release|Any CPU
		{64745E6D-9471-41AD-98B1-DE612B0C6B8A}.Release|Any CPU.Build.0 = Release|Any CPU
		{E85CD033-1060-4B2D-A310-15CF98644F83}.Debug|Any CPU.ActiveCfg = Debug|Any CPU
		{E85CD033-1060-4B2D-A310-15CF98644F83}.Debug|Any CPU.Build.0 = Debug|Any CPU
		{E85CD033-1060-4B2D-A310-15CF98644F83}.Release|Any CPU.ActiveCfg = Release|Any CPU
		{E85CD033-1060-4B2D-A310-15CF98644F83}.Release|Any CPU.Build.0 = Release|Any CPU
	EndGlobalSection
	GlobalSection(SolutionProperties) = preSolution
		HideSolutionNode = FALSE
	EndGlobalSection
	GlobalSection(ExtensibilityGlobals) = postSolution
		SolutionGuid = {7D19BB09-3ED4-478E-B891-1E2845161BF2}
	EndGlobalSection
EndGlobal
